
Microsoft Visual Studio Solution File, Format Version 12.00
# Visual Studio Version 16
VisualStudioVersion = 16.0.31019.35
MinimumVisualStudioVersion = 10.0.40219.1
Project("{FAE04EC0-301F-11D3-BF4B-00C04F79EFBC}") = "HomeWork2", "HomeWork2\HomeWork2.csproj", "{9F7205C2-57EB-4B1B-A2F4-D754F1608669}"
EndProject
Global
	GlobalSection(SolutionConfigurationPlatforms) = preSolution
		Debug|Any CPU = Debug|Any CPU
		Release|Any CPU = Release|Any CPU
	EndGlobalSection
	GlobalSection(ProjectConfigurationPlatforms) = postSolution
		{9F7205C2-57EB-4B1B-A2F4-D754F1608669}.Debug|Any CPU.ActiveCfg = Debug|Any CPU
		{9F7205C2-57EB-4B1B-A2F4-D754F1608669}.Debug|Any CPU.Build.0 = Debug|Any CPU
		{9F7205C2-57EB-4B1B-A2F4-D754F1608669}.Release|Any CPU.ActiveCfg = Release|Any CPU
		{9F7205C2-57EB-4B1B-A2F4-D754F1608669}.Release|Any CPU.Build.0 = Release|Any CPU
	EndGlobalSection
	GlobalSection(SolutionProperties) = preSolution
		HideSolutionNode = FALSE
	EndGlobalSection
	GlobalSection(ExtensibilityGlobals) = postSolution
		SolutionGuid = {86D8E1B7-33E8-4078-8ACB-3B4EA340B1C0}
	EndGlobalSection
EndGlobal
